
Microsoft Visual Studio Solution File, Format Version 11.00
# Visual Studio 2010
Project("{8BC9CEB8-8B4A-11D0-8D11-00A0C91BC942}") = "flv_parser", "flv_parser\flv_parser.vcxproj", "{13C5443D-1C2B-4CCA-9802-593A98D2E492}"
EndProject
Global
	GlobalSection(SolutionConfigurationPlatforms) = preSolution
		Debug|Win32 = Debug|Win32
		Release|Win32 = Release|Win32
	EndGlobalSection
	GlobalSection(ProjectConfigurationPlatforms) = postSolution
		{13C5443D-1C2B-4CCA-9802-593A98D2E492}.Debug|Win32.ActiveCfg = Debug|Win32
		{13C5443D-1C2B-4CCA-9802-593A98D2E492}.Debug|Win32.Build.0 = Debug|Win32
		{13C5443D-1C2B-4CCA-9802-593A98D2E492}.Release|Win32.ActiveCfg = Release|Win32
		{13C5443D-1C2B-4CCA-9802-593A98D2E492}.Release|Win32.Build.0 = Release|Win32
	EndGlobalSection
	GlobalSection(SolutionProperties) = preSolution
		HideSolutionNode = FALSE
	EndGlobalSection
EndGlobal
